// !$*UTF8*$!
{
	archiveVersion = 1;
	classes = {
	};
	objectVersion = 56;
	objects = {

/* Begin PBXBuildFile section */
		AB58ECB22F84149F004CD4DF /* ExportManager.swift in Sources */ = {isa = PBXBuildFile; fileRef = AB58ECAB2F84149F004CD4DF /* ExportManager.swift */; };
		AB58ECB32F84149F004CD4DF /* MultipeerSession.swift in Sources */ = {isa = PBXBuildFile; fileRef = AB58ECA72F84149F004CD4DF /* MultipeerSession.swift */; };
		AB58ECB42F84149F004CD4DF /* KnownFriendsView.swift in Sources */ = {isa = PBXBuildFile; fileRef = AB58ECAF2F84149F004CD4DF /* KnownFriendsView.swift */; };
		AB58ECB52F84149F004CD4DF /* SettingsView.swift in Sources */ = {isa = PBXBuildFile; fileRef = AB58ECB02F84149F004CD4DF /* SettingsView.swift */; };
		AB58ECB62F84149F004CD4DF /* Peer.swift in Sources */ = {isa = PBXBuildFile; fileRef = AB58ECA52F84149F004CD4DF /* Peer.swift */; };
		AB58ECB72F84149F004CD4DF /* KnownPeer.swift in Sources */ = {isa = PBXBuildFile; fileRef = AB58ECA32F84149F004CD4DF /* KnownPeer.swift */; };
		AB58ECB82F84149F004CD4DF /* ChatView.swift in Sources */ = {isa = PBXBuildFile; fileRef = AB58ECAD2F84149F004CD4DF /* ChatView.swift */; };
		AB58ECB92F84149F004CD4DF /* ContentView.swift in Sources */ = {isa = PBXBuildFile; fileRef = AB58ECAE2F84149F004CD4DF /* ContentView.swift */; };
		AB58ECBA2F84149F004CD4DF /* Message.swift in Sources */ = {isa = PBXBuildFile; fileRef = AB58ECA42F84149F004CD4DF /* Message.swift */; };
		AB58ECBB2F84149F004CD4DF /* VicinitApp.swift in Sources */ = {isa = PBXBuildFile; fileRef = AB58EC9E2F84149F004CD4DF /* VicinitApp.swift */; };
		AB58ECBC2F84149F004CD4DF /* InfoPlist.xcstrings in Resources */ = {isa = PBXBuildFile; fileRef = AB58ECA12F84149F004CD4DF /* InfoPlist.xcstrings */; };
		AB58ECBD2F84149F004CD4DF /* Info.plist in Resources */ = {isa = PBXBuildFile; fileRef = AB58ECA02F84149F004CD4DF /* Info.plist */; };
		AB58ECBE2F84149F004CD4DF /* Localizable.xcstrings in Resources */ = {isa = PBXBuildFile; fileRef = AB58ECA22F84149F004CD4DF /* Localizable.xcstrings */; };
		AB58ECBF2F84149F004CD4DF /* PrivacyInfo.xcprivacy in Resources */ = {isa = PBXBuildFile; fileRef = AB58ECA92F84149F004CD4DF /* PrivacyInfo.xcprivacy */; };
/* End PBXBuildFile section */

/* Begin PBXFileReference section */
		150465A234FA4602B3140780 /* vicinity.app */ = {isa = PBXFileReference; explicitFileType = wrapper.application; includeInIndex = 0; path = vicinity.app; sourceTree = BUILT_PRODUCTS_DIR; };
		AB58EC9E2F84149F004CD4DF /* VicinitApp.swift */ = {isa = PBXFileReference; lastKnownFileType = sourcecode.swift; path = VicinitApp.swift; sourceTree = "<group>"; };
		AB58ECA02F84149F004CD4DF /* Info.plist */ = {isa = PBXFileReference; lastKnownFileType = text.plist.xml; name = Info.plist; path = vicinity/Info.plist; sourceTree = "<group>"; };
		AB58ECA12F84149F004CD4DF /* InfoPlist.xcstrings */ = {isa = PBXFileReference; lastKnownFileType = text.json.xcstrings; name = InfoPlist.xcstrings; path = vicinity/InfoPlist.xcstrings; sourceTree = "<group>"; };
		AB58ECA22F84149F004CD4DF /* Localizable.xcstrings */ = {isa = PBXFileReference; lastKnownFileType = text.json.xcstrings; name = Localizable.xcstrings; path = vicinity/Localizable.xcstrings; sourceTree = "<group>"; };
		AB58ECA32F84149F004CD4DF /* KnownPeer.swift */ = {isa = PBXFileReference; lastKnownFileType = sourcecode.swift; path = KnownPeer.swift; sourceTree = "<group>"; };
		AB58ECA42F84149F004CD4DF /* Message.swift */ = {isa = PBXFileReference; lastKnownFileType = sourcecode.swift; path = Message.swift; sourceTree = "<group>"; };
		AB58ECA52F84149F004CD4DF /* Peer.swift */ = {isa = PBXFileReference; lastKnownFileType = sourcecode.swift; path = Peer.swift; sourceTree = "<group>"; };
		AB58ECA72F84149F004CD4DF /* MultipeerSession.swift */ = {isa = PBXFileReference; lastKnownFileType = sourcecode.swift; path = MultipeerSession.swift; sourceTree = "<group>"; };
		AB58ECA92F84149F004CD4DF /* PrivacyInfo.xcprivacy */ = {isa = PBXFileReference; lastKnownFileType = text.xml; path = PrivacyInfo.xcprivacy; sourceTree = "<group>"; };
		AB58ECAB2F84149F004CD4DF /* ExportManager.swift */ = {isa = PBXFileReference; lastKnownFileType = sourcecode.swift; path = ExportManager.swift; sourceTree = "<group>"; };
		AB58ECAD2F84149F004CD4DF /* ChatView.swift */ = {isa = PBXFileReference; lastKnownFileType = sourcecode.swift; path = ChatView.swift; sourceTree = "<group>"; };
		AB58ECAE2F84149F004CD4DF /* ContentView.swift */ = {isa = PBXFileReference; lastKnownFileType = sourcecode.swift; path = ContentView.swift; sourceTree = "<group>"; };
		AB58ECAF2F84149F004CD4DF /* KnownFriendsView.swift */ = {isa = PBXFileReference; lastKnownFileType = sourcecode.swift; path = KnownFriendsView.swift; sourceTree = "<group>"; };
		AB58ECB02F84149F004CD4DF /* SettingsView.swift */ = {isa = PBXFileReference; lastKnownFileType = sourcecode.swift; path = SettingsView.swift; sourceTree = "<group>"; };
/* End PBXFileReference section */

/* Begin PBXFrameworksBuildPhase section */
		33DB7BD930734B4C879F58AC /* Frameworks */ = {
			isa = PBXFrameworksBuildPhase;
			buildActionMask = 2147483647;
			files = (
			);
			runOnlyForDeploymentPostprocessing = 0;
		};
/* End PBXFrameworksBuildPhase section */

/* Begin PBXGroup section */
		3FE73C6BADF04CB38A940209 = {
			isa = PBXGroup;
			children = (
				AB58EC9F2F84149F004CD4DF /* App */,
				AB58ECA02F84149F004CD4DF /* Info.plist */,
				AB58ECA12F84149F004CD4DF /* InfoPlist.xcstrings */,
				AB58ECA22F84149F004CD4DF /* Localizable.xcstrings */,
				AB58ECA62F84149F004CD4DF /* Models */,
				AB58ECA82F84149F004CD4DF /* Multipeer */,
				AB58ECAA2F84149F004CD4DF /* Resources */,
				AB58ECAC2F84149F004CD4DF /* Utilities */,
				AB58ECB12F84149F004CD4DF /* Views */,
				E13A70ECD43140B69D5B47F6 /* Products */,
			);
			sourceTree = "<group>";
		};
		AB58EC9F2F84149F004CD4DF /* App */ = {
			isa = PBXGroup;
			children = (
				AB58EC9E2F84149F004CD4DF /* VicinitApp.swift */,
			);
			name = App;
			path = vicinity/App;
			sourceTree = "<group>";
		};
		AB58ECA62F84149F004CD4DF /* Models */ = {
			isa = PBXGroup;
			children = (
				AB58ECA32F84149F004CD4DF /* KnownPeer.swift */,
				AB58ECA42F84149F004CD4DF /* Message.swift */,
				AB58ECA52F84149F004CD4DF /* Peer.swift */,
			);
			name = Models;
			path = vicinity/Models;
			sourceTree = "<group>";
		};
		AB58ECA82F84149F004CD4DF /* Multipeer */ = {
			isa = PBXGroup;
			children = (
				AB58ECA72F84149F004CD4DF /* MultipeerSession.swift */,
			);
			name = Multipeer;
			path = vicinity/Multipeer;
			sourceTree = "<group>";
		};
		AB58ECAA2F84149F004CD4DF /* Resources */ = {
			isa = PBXGroup;
			children = (
				AB58ECA92F84149F004CD4DF /* PrivacyInfo.xcprivacy */,
			);
			name = Resources;
			path = vicinity/Resources;
			sourceTree = "<group>";
		};
		AB58ECAC2F84149F004CD4DF /* Utilities */ = {
			isa = PBXGroup;
			children = (
				AB58ECAB2F84149F004CD4DF /* ExportManager.swift */,
			);
			name = Utilities;
			path = vicinity/Utilities;
			sourceTree = "<group>";
		};
		AB58ECB12F84149F004CD4DF /* Views */ = {
			isa = PBXGroup;
			children = (
				AB58ECAD2F84149F004CD4DF /* ChatView.swift */,
				AB58ECAE2F84149F004CD4DF /* ContentView.swift */,
				AB58ECAF2F84149F004CD4DF /* KnownFriendsView.swift */,
				AB58ECB02F84149F004CD4DF /* SettingsView.swift */,
			);
			name = Views;
			path = vicinity/Views;
			sourceTree = "<group>";
		};
		E13A70ECD43140B69D5B47F6 /* Products */ = {
			isa = PBXGroup;
			children = (
				150465A234FA4602B3140780 /* vicinity.app */,
			);
			name = Products;
			sourceTree = "<group>";
		};
/* End PBXGroup section */

/* Begin PBXNativeTarget section */
		FACA2ABF1FDC4B35871D3B8A /* vicinity */ = {
			isa = PBXNativeTarget;
			buildConfigurationList = FD786FC4040A40879CFDBBAF /* Build configuration list for PBXNativeTarget "vicinity" */;
			buildPhases = (
				274D6C6EC8B24E5CBDE90EB9 /* Sources */,
				33DB7BD930734B4C879F58AC /* Frameworks */,
				FD7E3B187A3A4F8E9C6AA4E4 /* Resources */,
			);
			buildRules = (
			);
			dependencies = (
			);
			name = vicinity;
			productName = vicinity;
			productReference = 150465A234FA4602B3140780 /* vicinity.app */;
			productType = "com.apple.product-type.application";
		};
/* End PBXNativeTarget section */

/* Begin PBXProject section */
		20E705D1B9944D9689D295AB /* Project object */ = {
			isa = PBXProject;
			attributes = {
				BuildIndependentTargetsInParallel = 1;
				LastSwiftUpdateCheck = 1500;
				LastUpgradeCheck = 1500;
				TargetAttributes = {
					FACA2ABF1FDC4B35871D3B8A = {
						CreatedOnToolsVersion = 15.0;
						LastSwiftMigration = 2640;
					};
				};
			};
			buildConfigurationList = BBC56D6726554D7EB76BF517 /* Build configuration list for PBXProject "vicinity" */;
			compatibilityVersion = "Xcode 14.0";
			developmentRegion = en;
			hasScannedForEncodings = 0;
			knownRegions = (
				en,
				Base,
				"zh-Hans",
				"zh-Hant",
			);
			mainGroup = 3FE73C6BADF04CB38A940209;
			productRefGroup = E13A70ECD43140B69D5B47F6 /* Products */;
			projectDirPath = "";
			projectRoot = "";
			targets = (
				FACA2ABF1FDC4B35871D3B8A /* vicinity */,
			);
		};
/* End PBXProject section */

/* Begin PBXResourcesBuildPhase section */
		FD7E3B187A3A4F8E9C6AA4E4 /* Resources */ = {
			isa = PBXResourcesBuildPhase;
			buildActionMask = 2147483647;
			files = (
				AB58ECBC2F84149F004CD4DF /* InfoPlist.xcstrings in Resources */,
				AB58ECBD2F84149F004CD4DF /* Info.plist in Resources */,
				AB58ECBE2F84149F004CD4DF /* Localizable.xcstrings in Resources */,
				AB58ECBF2F84149F004CD4DF /* PrivacyInfo.xcprivacy in Resources */,
			);
			runOnlyForDeploymentPostprocessing = 0;
		};
/* End PBXResourcesBuildPhase section */

/* Begin PBXSourcesBuildPhase section */
		274D6C6EC8B24E5CBDE90EB9 /* Sources */ = {
			isa = PBXSourcesBuildPhase;
			buildActionMask = 2147483647;
			files = (
				AB58ECB22F84149F004CD4DF /* ExportManager.swift in Sources */,
				AB58ECB32F84149F004CD4DF /* MultipeerSession.swift in Sources */,
				AB58ECB42F84149F004CD4DF /* KnownFriendsView.swift in Sources */,
				AB58ECB52F84149F004CD4DF /* SettingsView.swift in Sources */,
				AB58ECB62F84149F004CD4DF /* Peer.swift in Sources */,
				AB58ECB72F84149F004CD4DF /* KnownPeer.swift in Sources */,
				AB58ECB82F84149F004CD4DF /* ChatView.swift in Sources */,
				AB58ECB92F84149F004CD4DF /* ContentView.swift in Sources */,
				AB58ECBA2F84149F004CD4DF /* Message.swift in Sources */,
				AB58ECBB2F84149F004CD4DF /* VicinitApp.swift in Sources */,
			);
			runOnlyForDeploymentPostprocessing = 0;
		};
/* End PBXSourcesBuildPhase section */

/* Begin XCBuildConfiguration section */
		651A815307824B0B8D160C79 /* Debug */ = {
			isa = XCBuildConfiguration;
			buildSettings = {
				ASSETCATALOG_COMPILER_APPICON_NAME = AppIcon;
				ASSETCATALOG_COMPILER_GLOBAL_ACCENT_COLOR_NAME = AccentColor;
				CLANG_ENABLE_MODULES = YES;
				CODE_SIGN_STYLE = Automatic;
				CURRENT_PROJECT_VERSION = 1;
				DEVELOPMENT_ASSET_PATHS = "";
				ENABLE_PREVIEWS = YES;
				GENERATE_INFOPLIST_FILE = NO;
				INFOPLIST_FILE = vicinity/Info.plist;
				INFOPLIST_KEY_UIApplicationSupportsIndirectInputEvents = YES;
				INFOPLIST_KEY_UILaunchScreen_Generation = YES;
				INFOPLIST_KEY_UISupportedInterfaceOrientations_iPad = "UIInterfaceOrientationPortrait UIInterfaceOrientationPortraitUpsideDown UIInterfaceOrientationLandscapeLeft UIInterfaceOrientationLandscapeRight";
				INFOPLIST_KEY_UISupportedInterfaceOrientations_iPhone = "UIInterfaceOrientationPortrait UIInterfaceOrientationLandscapeLeft UIInterfaceOrientationLandscapeRight";
				IPHONEOS_DEPLOYMENT_TARGET = 17.0;
				LD_RUNPATH_SEARCH_PATHS = (
					"$(inherited)",
					"@executable_path/Frameworks",
				);
				MARKETING_VERSION = 1.0;
				PRODUCT_BUNDLE_IDENTIFIER = com.vicinity.app;
				PRODUCT_NAME = "$(TARGET_NAME)";
				SWIFT_EMIT_LOC_STRINGS = YES;
				SWIFT_OPTIMIZATION_LEVEL = "-Onone";
				SWIFT_VERSION = 5.0;
				TARGETED_DEVICE_FAMILY = "1,2";
			};
			name = Debug;
		};
		6903F4F3D4C146B1BBAC3C35 /* Release */ = {
			isa = XCBuildConfiguration;
			buildSettings = {
				ASSETCATALOG_COMPILER_APPICON_NAME = AppIcon;
				ASSETCATALOG_COMPILER_GLOBAL_ACCENT_COLOR_NAME = AccentColor;
				CLANG_ENABLE_MODULES = YES;
				CODE_SIGN_STYLE = Automatic;
				CURRENT_PROJECT_VERSION = 1;
				DEVELOPMENT_ASSET_PATHS = "";
				ENABLE_PREVIEWS = YES;
				GENERATE_INFOPLIST_FILE = NO;
				INFOPLIST_FILE = vicinity/Info.plist;
				INFOPLIST_KEY_UIApplicationSupportsIndirectInputEvents = YES;
				INFOPLIST_KEY_UILaunchScreen_Generation = YES;
				INFOPLIST_KEY_UISupportedInterfaceOrientations_iPad = "UIInterfaceOrientationPortrait UIInterfaceOrientationPortraitUpsideDown UIInterfaceOrientationLandscapeLeft UIInterfaceOrientationLandscapeRight";
				INFOPLIST_KEY_UISupportedInterfaceOrientations_iPhone = "UIInterfaceOrientationPortrait UIInterfaceOrientationLandscapeLeft UIInterfaceOrientationLandscapeRight";
				IPHONEOS_DEPLOYMENT_TARGET = 17.0;
				LD_RUNPATH_SEARCH_PATHS = (
					"$(inherited)",
					"@executable_path/Frameworks",
				);
				MARKETING_VERSION = 1.0;
				PRODUCT_BUNDLE_IDENTIFIER = com.vicinity.app;
				PRODUCT_NAME = "$(TARGET_NAME)";
				SWIFT_EMIT_LOC_STRINGS = YES;
				SWIFT_VERSION = 5.0;
				TARGETED_DEVICE_FAMILY = "1,2";
			};
			name = Release;
		};
		7D21E0E8EA874375ACBDDA51 /* Debug */ = {
			isa = XCBuildConfiguration;
			buildSettings = {
				ALWAYS_SEARCH_USER_PATHS = NO;
				ASSETCATALOG_COMPILER_GENERATE_SWIFT_ASSET_SYMBOL_EXTENSIONS = YES;
				CLANG_ANALYZER_NONNULL = YES;
				CLANG_ANALYZER_NUMBER_OBJECT_CONVERSION = YES_AGGRESSIVE;
				CLANG_CXX_LANGUAGE_STANDARD = "gnu++20";
				CLANG_ENABLE_MODULES = YES;
				CLANG_ENABLE_OBJC_ARC = YES;
				CLANG_ENABLE_OBJC_WEAK = YES;
				CLANG_WARN_BLOCK_CAPTURE_AUTORELEASING = YES;
				CLANG_WARN_BOOL_CONVERSION = YES;
				CLANG_WARN_COMMA = YES;
				CLANG_WARN_CONSTANT_CONVERSION = YES;
				CLANG_WARN_DEPRECATED_OBJC_IMPLEMENTATIONS = YES;
				CLANG_WARN_DIRECT_OBJC_ISA_USAGE = YES_ERROR;
				CLANG_WARN_DOCUMENTATION_COMMENTS = YES;
				CLANG_WARN_EMPTY_BODY = YES;
				CLANG_WARN_ENUM_CONVERSION = YES;
				CLANG_WARN_INFINITE_RECURSION = YES;
				CLANG_WARN_INT_CONVERSION = YES;
				CLANG_WARN_NON_LITERAL_NULL_CONVERSION = YES;
				CLANG_WARN_OBJC_IMPLICIT_RETAIN_CYCLES = YES;
				CLANG_WARN_OBJC_LITERAL_CONVERSION = YES;
				CLANG_WARN_OBJC_ROOT_CLASS = YES_ERROR;
				CLANG_WARN_QUOTED_INCLUDE_IN_FRAMEWORK_HEADER = YES;
				CLANG_WARN_RANGE_LOOP_ANALYSIS = YES;
				CLANG_WARN_STRICT_PROTOTYPES = YES;
				CLANG_WARN_SUSPICIOUS_MOVE = YES;
				CLANG_WARN_UNGUARDED_AVAILABILITY = YES_AGGRESSIVE;
				CLANG_WARN_UNREACHABLE_CODE = YES;
				CLANG_WARN__DUPLICATE_METHOD_MATCH = YES;
				COPY_PHASE_STRIP = NO;
				DEBUG_INFORMATION_FORMAT = dwarf;
				ENABLE_STRICT_OBJC_MSGSEND = YES;
				ENABLE_TESTABILITY = YES;
				ENABLE_USER_SCRIPT_SANDBOXING = YES;
				GCC_C_LANGUAGE_STANDARD = gnu17;
				GCC_DYNAMIC_NO_PIC = NO;
				GCC_NO_COMMON_BLOCKS = YES;
				GCC_OPTIMIZATION_LEVEL = 0;
				GCC_PREPROCESSOR_DEFINITIONS = (
					"DEBUG=1",
					"$(inherited)",
				);
				GCC_WARN_64_TO_32_BIT_CONVERSION = YES;
				GCC_WARN_ABOUT_RETURN_TYPE = YES_ERROR;
				GCC_WARN_UNDECLARED_SELECTOR = YES;
				GCC_WARN_UNINITIALIZED_AUTOS = YES_AGGRESSIVE;
				GCC_WARN_UNUSED_FUNCTION = YES;
				GCC_WARN_UNUSED_VARIABLE = YES;
				IPHONEOS_DEPLOYMENT_TARGET = 17.0;
				MTL_ENABLE_DEBUG_INFO = INCLUDE_SOURCE;
				MTL_FAST_MATH = YES;
				ONLY_ACTIVE_ARCH = YES;
				SDKROOT = iphoneos;
				SWIFT_ACTIVE_COMPILATION_CONDITIONS = "DEBUG $(inherited)";
				SWIFT_OPTIMIZATION_LEVEL = "-Onone";
			};
			name = Debug;
		};
		A31E770C6FA940D4B3909C62 /* Release */ = {
			isa = XCBuildConfiguration;
			buildSettings = {
				ALWAYS_SEARCH_USER_PATHS = NO;
				ASSETCATALOG_COMPILER_GENERATE_SWIFT_ASSET_SYMBOL_EXTENSIONS = YES;
				CLANG_ANALYZER_NONNULL = YES;
				CLANG_ANALYZER_NUMBER_OBJECT_CONVERSION = YES_AGGRESSIVE;
				CLANG_CXX_LANGUAGE_STANDARD = "gnu++20";
				CLANG_ENABLE_MODULES = YES;
				CLANG_ENABLE_OBJC_ARC = YES;
				CLANG_ENABLE_OBJC_WEAK = YES;
				CLANG_WARN_BLOCK_CAPTURE_AUTORELEASING = YES;
				CLANG_WARN_BOOL_CONVERSION = YES;
				CLANG_WARN_COMMA = YES;
				CLANG_WARN_CONSTANT_CONVERSION = YES;
				CLANG_WARN_DEPRECATED_OBJC_IMPLEMENTATIONS = YES;
				CLANG_WARN_DIRECT_OBJC_ISA_USAGE = YES_ERROR;
				CLANG_WARN_DOCUMENTATION_COMMENTS = YES;
				CLANG_WARN_EMPTY_BODY = YES;
				CLANG_WARN_ENUM_CONVERSION = YES;
				CLANG_WARN_INFINITE_RECURSION = YES;
				CLANG_WARN_INT_CONVERSION = YES;
				CLANG_WARN_NON_LITERAL_NULL_CONVERSION = YES;
				CLANG_WARN_OBJC_IMPLICIT_RETAIN_CYCLES = YES;
				CLANG_WARN_OBJC_LITERAL_CONVERSION = YES;
				CLANG_WARN_OBJC_ROOT_CLASS = YES_ERROR;
				CLANG_WARN_QUOTED_INCLUDE_IN_FRAMEWORK_HEADER = YES;
				CLANG_WARN_RANGE_LOOP_ANALYSIS = YES;
				CLANG_WARN_STRICT_PROTOTYPES = YES;
				CLANG_WARN_SUSPICIOUS_MOVE = YES;
				CLANG_WARN_UNGUARDED_AVAILABILITY = YES_AGGRESSIVE;
				CLANG_WARN_UNREACHABLE_CODE = YES;
				CLANG_WARN__DUPLICATE_METHOD_MATCH = YES;
				COPY_PHASE_STRIP = NO;
				DEBUG_INFORMATION_FORMAT = "dwarf-with-dsym";
				ENABLE_NS_ASSERTIONS = NO;
				ENABLE_STRICT_OBJC_MSGSEND = YES;
				ENABLE_USER_SCRIPT_SANDBOXING = YES;
				GCC_C_LANGUAGE_STANDARD = gnu17;
				GCC_NO_COMMON_BLOCKS = YES;
				GCC_WARN_64_TO_32_BIT_CONVERSION = YES;
				GCC_WARN_ABOUT_RETURN_TYPE = YES_ERROR;
				GCC_WARN_UNDECLARED_SELECTOR = YES;
				GCC_WARN_UNINITIALIZED_AUTOS = YES_AGGRESSIVE;
				GCC_WARN_UNUSED_FUNCTION = YES;
				GCC_WARN_UNUSED_VARIABLE = YES;
				IPHONEOS_DEPLOYMENT_TARGET = 17.0;
				MTL_FAST_MATH = YES;
				SDKROOT = iphoneos;
				SWIFT_COMPILATION_MODE = wholemodule;
				VALIDATE_PRODUCT = YES;
			};
			name = Release;
		};
/* End XCBuildConfiguration section */

/* Begin XCConfigurationList section */
		BBC56D6726554D7EB76BF517 /* Build configuration list for PBXProject "vicinity" */ = {
			isa = XCConfigurationList;
			buildConfigurations = (
				7D21E0E8EA874375ACBDDA51 /* Debug */,
				A31E770C6FA940D4B3909C62 /* Release */,
			);
			defaultConfigurationIsVisible = 0;
			defaultConfigurationName = Release;
		};
		FD786FC4040A40879CFDBBAF /* Build configuration list for PBXNativeTarget "vicinity" */ = {
			isa = XCConfigurationList;
			buildConfigurations = (
				651A815307824B0B8D160C79 /* Debug */,
				6903F4F3D4C146B1BBAC3C35 /* Release */,
			);
			defaultConfigurationIsVisible = 0;
			defaultConfigurationName = Release;
		};
/* End XCConfigurationList section */
	};
	rootObject = 20E705D1B9944D9689D295AB /* Project object */;
}
